
Microsoft Visual Studio Solution File, Format Version 12.00
# Visual Studio Version 17
VisualStudioVersion = 17.5.33502.453
MinimumVisualStudioVersion = 10.0.40219.1
Project("{FAE04EC0-301F-11D3-BF4B-00C04F79EFBC}") = "labsemana1_ejercicio7", "labsemana1_ejercicio7\labsemana1_ejercicio7.csproj", "{FFBDF0F7-BFEC-4CFD-BE99-DA81429DED73}"
EndProject
Global
	GlobalSection(SolutionConfigurationPlatforms) = preSolution
		Debug|Any CPU = Debug|Any CPU
		Release|Any CPU = Release|Any CPU
	EndGlobalSection
	GlobalSection(ProjectConfigurationPlatforms) = postSolution
		{FFBDF0F7-BFEC-4CFD-BE99-DA81429DED73}.Debug|Any CPU.ActiveCfg = Debug|Any CPU
		{FFBDF0F7-BFEC-4CFD-BE99-DA81429DED73}.Debug|Any CPU.Build.0 = Debug|Any CPU
		{FFBDF0F7-BFEC-4CFD-BE99-DA81429DED73}.Release|Any CPU.ActiveCfg = Release|Any CPU
		{FFBDF0F7-BFEC-4CFD-BE99-DA81429DED73}.Release|Any CPU.Build.0 = Release|Any CPU
	EndGlobalSection
	GlobalSection(SolutionProperties) = preSolution
		HideSolutionNode = FALSE
	EndGlobalSection
	GlobalSection(ExtensibilityGlobals) = postSolution
		SolutionGuid = {EEBEF762-8C48-4B7D-ABC6-98A2A6F6737F}
	EndGlobalSection
EndGlobal
